Microsoft Visual Studio Solution File, Format Version 12.00
# Visual Studio Version 17
VisualStudioVersion = 17.5.2.0
MinimumVisualStudioVersion = 10.0.40219.1
Project("{2150E333-8FDC-42A3-9474-1A3956D46DE8}") = "project", "project", "{EB1B1211-640D-0C76-A929-990D115248FD}"
EndProject
Project("{2150E333-8FDC-42A3-9474-1A3956D46DE8}") = "Behavioral", "Behavioral", "{BFAD7BBB-4790-EAF0-56E3-7FE7D49D75B5}"
EndProject
Project("{FAE04EC0-301F-11D3-BF4B-00C04F79EFBC}") = "ChainOfResponsibility", "project\Behavioral\ChainOfResponsibility\ChainOfResponsibility.csproj", "{C25A840A-82EF-2430-F761-0678439CEAE6}"
EndProject
Project("{FAE04EC0-301F-11D3-BF4B-00C04F79EFBC}") = "Command", "project\Behavioral\Command\Command.csproj", "{984C11FD-605F-5950-179F-D23BBC9BD02F}"
EndProject
Project("{FAE04EC0-301F-11D3-BF4B-00C04F79EFBC}") = "Mediator", "project\Behavioral\Mediator\Mediator.csproj", "{05A0586C-B5B2-2A57-6143-55FD04DE1744}"
EndProject
Project("{FAE04EC0-301F-11D3-BF4B-00C04F79EFBC}") = "Observe", "project\Behavioral\Observe\Observe.csproj", "{45FECA93-FDE1-B78A-E530-7D6D98C33C11}"
EndProject
Project("{FAE04EC0-301F-11D3-BF4B-00C04F79EFBC}") = "State", "project\Behavioral\State\State.csproj", "{58EEF116-BF9B-D938-DB21-A5257D106AC0}"
EndProject
Project("{FAE04EC0-301F-11D3-BF4B-00C04F79EFBC}") = "Strategy", "project\Behavioral\Strategy\Strategy.csproj", "{B1E4C03B-827C-6C71-1907-487FC5D867CE}"
EndProject
Project("{FAE04EC0-301F-11D3-BF4B-00C04F79EFBC}") = "Templete", "project\Behavioral\Templete\Templete.csproj", "{138C40D8-3E87-0609-930A-4568245ADABC}"
EndProject
Project("{FAE04EC0-301F-11D3-BF4B-00C04F79EFBC}") = "Visitor", "project\Behavioral\Visitor\Visitor.csproj", "{352D08F0-39EE-FAD9-9B47-4FBA2139CACC}"
EndProject
Project("{2150E333-8FDC-42A3-9474-1A3956D46DE8}") = "Creational", "Creational", "{8A408856-9570-DBC9-C012-D029C97AD582}"
EndProject
Project("{FAE04EC0-301F-11D3-BF4B-00C04F79EFBC}") = "AbstractFactory", "project\Creational\AbstractFactory\AbstractFactory.csproj", "{265809C4-854F-EBFF-B516-D49C30BBE320}"
EndProject
Project("{FAE04EC0-301F-11D3-BF4B-00C04F79EFBC}") = "Builder", "project\Creational\Builder\Builder.csproj", "{3E3B2C20-8940-B58A-D49F-E831E50F6EDD}"
EndProject
Project("{FAE04EC0-301F-11D3-BF4B-00C04F79EFBC}") = "FactoryMethod", "project\Creational\FactoryMethod\FactoryMethod.csproj", "{ACEFA8B3-D957-6950-3DD7-2C94DA9F3A8E}"
EndProject
Project("{FAE04EC0-301F-11D3-BF4B-00C04F79EFBC}") = "Prototype", "project\Creational\Prototype\Prototype.csproj", "{E881DB1B-8CC9-44DB-8DB6-56E8D1136675}"
EndProject
Project("{FAE04EC0-301F-11D3-BF4B-00C04F79EFBC}") = "Singletion", "project\Creational\Singletion\Singletion.csproj", "{06FD5AD0-FB2E-E2B0-5ACC-457184D10343}"
EndProject
Project("{2150E333-8FDC-42A3-9474-1A3956D46DE8}") = "Structural", "Structural", "{CEB2D16B-83E7-65E7-5E13-4F42A31F2245}"
EndProject
Project("{FAE04EC0-301F-11D3-BF4B-00C04F79EFBC}") = "Adapter", "project\Structural\Adapter\Adapter.csproj", "{8C7AE525-B469-718D-836F-FA0794714052}"
EndProject
Project("{FAE04EC0-301F-11D3-BF4B-00C04F79EFBC}") = "Bridge", "project\Structural\Bridge\Bridge.csproj", "{8CA69681-177A-61B9-C478-35846355B34E}"
EndProject
Project("{FAE04EC0-301F-11D3-BF4B-00C04F79EFBC}") = "Composite", "project\Structural\Composite\Composite.csproj", "{7D56CC58-D27F-5823-239B-DD95060C5C53}"
EndProject
Project("{FAE04EC0-301F-11D3-BF4B-00C04F79EFBC}") = "Decorator", "project\Structural\Decorator\Decorator.csproj", "{70EF943E-8C4F-672F-F9D4-878913F95269}"
EndProject
Project("{FAE04EC0-301F-11D3-BF4B-00C04F79EFBC}") = "FacadeAndProxy", "project\Structural\FacadeAndProxy\FacadeAndProxy.csproj", "{19D5E0C2-A9A2-24C8-5DCF-74952D94A2F0}"
EndProject
Project("{FAE04EC0-301F-11D3-BF4B-00C04F79EFBC}") = "Flyweight", "project\Structural\Flyweight\Flyweight.csproj", "{07F54BB8-7EA9-37FE-FEEC-84BD0440EE44}"
EndProject
Global
	GlobalSection(SolutionConfigurationPlatforms) = preSolution
		Debug|Any CPU = Debug|Any CPU
		Release|Any CPU = Release|Any CPU
	EndGlobalSection
	GlobalSection(ProjectConfigurationPlatforms) = postSolution
		{C25A840A-82EF-2430-F761-0678439CEAE6}.Debug|Any CPU.ActiveCfg = Debug|Any CPU
		{C25A840A-82EF-2430-F761-0678439CEAE6}.Debug|Any CPU.Build.0 = Debug|Any CPU
		{C25A840A-82EF-2430-F761-0678439CEAE6}.Release|Any CPU.ActiveCfg = Release|Any CPU
		{C25A840A-82EF-2430-F761-0678439CEAE6}.Release|Any CPU.Build.0 = Release|Any CPU
		{984C11FD-605F-5950-179F-D23BBC9BD02F}.Debug|Any CPU.ActiveCfg = Debug|Any CPU
		{984C11FD-605F-5950-179F-D23BBC9BD02F}.Debug|Any CPU.Build.0 = Debug|Any CPU
		{984C11FD-605F-5950-179F-D23BBC9BD02F}.Release|Any CPU.ActiveCfg = Release|Any CPU
		{984C11FD-605F-5950-179F-D23BBC9BD02F}.Release|Any CPU.Build.0 = Release|Any CPU
		{05A0586C-B5B2-2A57-6143-55FD04DE1744}.Debug|Any CPU.ActiveCfg = Debug|Any CPU
		{05A0586C-B5B2-2A57-6143-55FD04DE1744}.Debug|Any CPU.Build.0 = Debug|Any CPU
		{05A0586C-B5B2-2A57-6143-55FD04DE1744}.Release|Any CPU.ActiveCfg = Release|Any CPU
		{05A0586C-B5B2-2A57-6143-55FD04DE1744}.Release|Any CPU.Build.0 = Release|Any CPU
		{45FECA93-FDE1-B78A-E530-7D6D98C33C11}.Debug|Any CPU.ActiveCfg = Debug|Any CPU
		{45FECA93-FDE1-B78A-E530-7D6D98C33C11}.Debug|Any CPU.Build.0 = Debug|Any CPU
		{45FECA93-FDE1-B78A-E530-7D6D98C33C11}.Release|Any CPU.ActiveCfg = Release|Any CPU
		{45FECA93-FDE1-B78A-E530-7D6D98C33C11}.Release|Any CPU.Build.0 = Release|Any CPU
		{58EEF116-BF9B-D938-DB21-A5257D106AC0}.Debug|Any CPU.ActiveCfg = Debug|Any CPU
		{58EEF116-BF9B-D938-DB21-A5257D106AC0}.Debug|Any CPU.Build.0 = Debug|Any CPU
		{58EEF116-BF9B-D938-DB21-A5257D106AC0}.Release|Any CPU.ActiveCfg = Release|Any CPU
		{58EEF116-BF9B-D938-DB21-A5257D106AC0}.Release|Any CPU.Build.0 = Release|Any CPU
		{B1E4C03B-827C-6C71-1907-487FC5D867CE}.Debug|Any CPU.ActiveCfg = Debug|Any CPU
		{B1E4C03B-827C-6C71-1907-487FC5D867CE}.Debug|Any CPU.Build.0 = Debug|Any CPU
		{B1E4C03B-827C-6C71-1907-487FC5D867CE}.Release|Any CPU.ActiveCfg = Release|Any CPU
		{B1E4C03B-827C-6C71-1907-487FC5D867CE}.Release|Any CPU.Build.0 = Release|Any CPU
		{138C40D8-3E87-0609-930A-4568245ADABC}.Debug|Any CPU.ActiveCfg = Debug|Any CPU
		{138C40D8-3E87-0609-930A-4568245ADABC}.Debug|Any CPU.Build.0 = Debug|Any CPU
		{138C40D8-3E87-0609-930A-4568245ADABC}.Release|Any CPU.ActiveCfg = Release|Any CPU
		{138C40D8-3E87-0609-930A-4568245ADABC}.Release|Any CPU.Build.0 = Release|Any CPU
		{352D08F0-39EE-FAD9-9B47-4FBA2139CACC}.Debug|Any CPU.ActiveCfg = Debug|Any CPU
		{352D08F0-39EE-FAD9-9B47-4FBA2139CACC}.Debug|Any CPU.Build.0 = Debug|Any CPU
		{352D08F0-39EE-FAD9-9B47-4FBA2139CACC}.Release|Any CPU.ActiveCfg = Release|Any CPU
		{352D08F0-39EE-FAD9-9B47-4FBA2139CACC}.Release|Any CPU.Build.0 = Release|Any CPU
		{265809C4-854F-EBFF-B516-D49C30BBE320}.Debug|Any CPU.ActiveCfg = Debug|Any CPU
		{265809C4-854F-EBFF-B516-D49C30BBE320}.Debug|Any CPU.Build.0 = Debug|Any CPU
		{265809C4-854F-EBFF-B516-D49C30BBE320}.Release|Any CPU.ActiveCfg = Release|Any CPU
		{265809C4-854F-EBFF-B516-D49C30BBE320}.Release|Any CPU.Build.0 = Release|Any CPU
		{3E3B2C20-8940-B58A-D49F-E831E50F6EDD}.Debug|Any CPU.ActiveCfg = Debug|Any CPU
		{3E3B2C20-8940-B58A-D49F-E831E50F6EDD}.Debug|Any CPU.Build.0 = Debug|Any CPU
		{3E3B2C20-8940-B58A-D49F-E831E50F6EDD}.Release|Any CPU.ActiveCfg = Release|Any CPU
		{3E3B2C20-8940-B58A-D49F-E831E50F6EDD}.Release|Any CPU.Build.0 = Release|Any CPU
		{ACEFA8B3-D957-6950-3DD7-2C94DA9F3A8E}.Debug|Any CPU.ActiveCfg = Debug|Any CPU
		{ACEFA8B3-D957-6950-3DD7-2C94DA9F3A8E}.Debug|Any CPU.Build.0 = Debug|Any CPU
		{ACEFA8B3-D957-6950-3DD7-2C94DA9F3A8E}.Release|Any CPU.ActiveCfg = Release|Any CPU
		{ACEFA8B3-D957-6950-3DD7-2C94DA9F3A8E}.Release|Any CPU.Build.0 = Release|Any CPU
		{E881DB1B-8CC9-44DB-8DB6-56E8D1136675}.Debug|Any CPU.ActiveCfg = Debug|Any CPU
		{E881DB1B-8CC9-44DB-8DB6-56E8D1136675}.Debug|Any CPU.Build.0 = Debug|Any CPU
		{E881DB1B-8CC9-44DB-8DB6-56E8D1136675}.Release|Any CPU.ActiveCfg = Release|Any CPU
		{E881DB1B-8CC9-44DB-8DB6-56E8D1136675}.Release|Any CPU.Build.0 = Release|Any CPU
		{06FD5AD0-FB2E-E2B0-5ACC-457184D10343}.Debug|Any CPU.ActiveCfg = Debug|Any CPU
		{06FD5AD0-FB2E-E2B0-5ACC-457184D10343}.Debug|Any CPU.Build.0 = Debug|Any CPU
		{06FD5AD0-FB2E-E2B0-5ACC-457184D10343}.Release|Any CPU.ActiveCfg = Release|Any CPU
		{06FD5AD0-FB2E-E2B0-5ACC-457184D10343}.Release|Any CPU.Build.0 = Release|Any CPU
		{8C7AE525-B469-718D-836F-FA0794714052}.Debug|Any CPU.ActiveCfg = Debug|Any CPU
		{8C7AE525-B469-718D-836F-FA0794714052}.Debug|Any CPU.Build.0 = Debug|Any CPU
		{8C7AE525-B469-718D-836F-FA0794714052}.Release|Any CPU.ActiveCfg = Release|Any CPU
		{8C7AE525-B469-718D-836F-FA0794714052}.Release|Any CPU.Build.0 = Release|Any CPU
		{8CA69681-177A-61B9-C478-35846355B34E}.Debug|Any CPU.ActiveCfg = Debug|Any CPU
		{8CA69681-177A-61B9-C478-35846355B34E}.Debug|Any CPU.Build.0 = Debug|Any CPU
		{8CA69681-177A-61B9-C478-35846355B34E}.Release|Any CPU.ActiveCfg = Release|Any CPU
		{8CA69681-177A-61B9-C478-35846355B34E}.Release|Any CPU.Build.0 = Release|Any CPU
		{7D56CC58-D27F-5823-239B-DD95060C5C53}.Debug|Any CPU.ActiveCfg = Debug|Any CPU
		{7D56CC58-D27F-5823-239B-DD95060C5C53}.Debug|Any CPU.Build.0 = Debug|Any CPU
		{7D56CC58-D27F-5823-239B-DD95060C5C53}.Release|Any CPU.ActiveCfg = Release|Any CPU
		{7D56CC58-D27F-5823-239B-DD95060C5C53}.Release|Any CPU.Build.0 = Release|Any CPU
		{70EF943E-8C4F-672F-F9D4-878913F95269}.Debug|Any CPU.ActiveCfg = Debug|Any CPU
		{70EF943E-8C4F-672F-F9D4-878913F95269}.Debug|Any CPU.Build.0 = Debug|Any CPU
		{70EF943E-8C4F-672F-F9D4-878913F95269}.Release|Any CPU.ActiveCfg = Release|Any CPU
		{70EF943E-8C4F-672F-F9D4-878913F95269}.Release|Any CPU.Build.0 = Release|Any CPU
		{19D5E0C2-A9A2-24C8-5DCF-74952D94A2F0}.Debug|Any CPU.ActiveCfg = Debug|Any CPU
		{19D5E0C2-A9A2-24C8-5DCF-74952D94A2F0}.Debug|Any CPU.Build.0 = Debug|Any CPU
		{19D5E0C2-A9A2-24C8-5DCF-74952D94A2F0}.Release|Any CPU.ActiveCfg = Release|Any CPU
		{19D5E0C2-A9A2-24C8-5DCF-74952D94A2F0}.Release|Any CPU.Build.0 = Release|Any CPU
		{07F54BB8-7EA9-37FE-FEEC-84BD0440EE44}.Debug|Any CPU.ActiveCfg = Debug|Any CPU
		{07F54BB8-7EA9-37FE-FEEC-84BD0440EE44}.Debug|Any CPU.Build.0 = Debug|Any CPU
		{07F54BB8-7EA9-37FE-FEEC-84BD0440EE44}.Release|Any CPU.ActiveCfg = Release|Any CPU
		{07F54BB8-7EA9-37FE-FEEC-84BD0440EE44}.Release|Any CPU.Build.0 = Release|Any CPU
	EndGlobalSection
	GlobalSection(SolutionProperties) = preSolution
		HideSolutionNode = FALSE
	EndGlobalSection
	GlobalSection(NestedProjects) = preSolution
		{BFAD7BBB-4790-EAF0-56E3-7FE7D49D75B5} = {EB1B1211-640D-0C76-A929-990D115248FD}
		{C25A840A-82EF-2430-F761-0678439CEAE6} = {BFAD7BBB-4790-EAF0-56E3-7FE7D49D75B5}
		{984C11FD-605F-5950-179F-D23BBC9BD02F} = {BFAD7BBB-4790-EAF0-56E3-7FE7D49D75B5}
		{05A0586C-B5B2-2A57-6143-55FD04DE1744} = {BFAD7BBB-4790-EAF0-56E3-7FE7D49D75B5}
		{45FECA93-FDE1-B78A-E530-7D6D98C33C11} = {BFAD7BBB-4790-EAF0-56E3-7FE7D49D75B5}
		{58EEF116-BF9B-D938-DB21-A5257D106AC0} = {BFAD7BBB-4790-EAF0-56E3-7FE7D49D75B5}
		{B1E4C03B-827C-6C71-1907-487FC5D867CE} = {BFAD7BBB-4790-EAF0-56E3-7FE7D49D75B5}
		{138C40D8-3E87-0609-930A-4568245ADABC} = {BFAD7BBB-4790-EAF0-56E3-7FE7D49D75B5}
		{352D08F0-39EE-FAD9-9B47-4FBA2139CACC} = {BFAD7BBB-4790-EAF0-56E3-7FE7D49D75B5}
		{8A408856-9570-DBC9-C012-D029C97AD582} = {EB1B1211-640D-0C76-A929-990D115248FD}
		{265809C4-854F-EBFF-B516-D49C30BBE320} = {8A408856-9570-DBC9-C012-D029C97AD582}
		{3E3B2C20-8940-B58A-D49F-E831E50F6EDD} = {8A408856-9570-DBC9-C012-D029C97AD582}
		{ACEFA8B3-D957-6950-3DD7-2C94DA9F3A8E} = {8A408856-9570-DBC9-C012-D029C97AD582}
		{E881DB1B-8CC9-44DB-8DB6-56E8D1136675} = {8A408856-9570-DBC9-C012-D029C97AD582}
		{06FD5AD0-FB2E-E2B0-5ACC-457184D10343} = {8A408856-9570-DBC9-C012-D029C97AD582}
		{CEB2D16B-83E7-65E7-5E13-4F42A31F2245} = {EB1B1211-640D-0C76-A929-990D115248FD}
		{8C7AE525-B469-718D-836F-FA0794714052} = {CEB2D16B-83E7-65E7-5E13-4F42A31F2245}
		{8CA69681-177A-61B9-C478-35846355B34E} = {CEB2D16B-83E7-65E7-5E13-4F42A31F2245}
		{7D56CC58-D27F-5823-239B-DD95060C5C53} = {CEB2D16B-83E7-65E7-5E13-4F42A31F2245}
		{70EF943E-8C4F-672F-F9D4-878913F95269} = {CEB2D16B-83E7-65E7-5E13-4F42A31F2245}
		{19D5E0C2-A9A2-24C8-5DCF-74952D94A2F0} = {CEB2D16B-83E7-65E7-5E13-4F42A31F2245}
		{07F54BB8-7EA9-37FE-FEEC-84BD0440EE44} = {CEB2D16B-83E7-65E7-5E13-4F42A31F2245}
	EndGlobalSection
	GlobalSection(ExtensibilityGlobals) = postSolution
		SolutionGuid = {CEF5681F-5FB5-456E-AF11-310AB8572700}
	EndGlobalSection
EndGlobal
